
Microsoft Visual Studio Solution File, Format Version 12.00
# Visual Studio Version 16
VisualStudioVersion = 16.0.29613.14
MinimumVisualStudioVersion = 10.0.40219.1
Project("{2150E333-8FDC-42A3-9474-1A3956D46DE8}") = "Communication", "Communication", "{B9B3FCA7-B148-4EAE-9D3E-AB6BB915DD88}"
EndProject
Project("{2150E333-8FDC-42A3-9474-1A3956D46DE8}") = "Order", "Order", "{5529831C-372F-41B7-BD89-73C34FD80397}"
EndProject
Project("{9A19103F-16F7-4668-BE54-9A1E7A4F7556}") = "Shop.Order.Entities", "Order\Shop.Order.Entities\Shop.Order.Entities.csproj", "{82C2E4BA-A095-4247-B164-2B6691AE07F6}"
EndProject
Project("{9A19103F-16F7-4668-BE54-9A1E7A4F7556}") = "Shop.Order.DomainServices.Interfaces", "Order\Shop.Order.DomainServices.Interfaces\Shop.Order.DomainServices.Interfaces.csproj", "{CAD8C61B-F4D8-4D48-BDAD-BEA40C18222C}"
EndProject
Project("{9A19103F-16F7-4668-BE54-9A1E7A4F7556}") = "Shop.Order.DomainServices.Implementation", "Order\Shop.Order.DomainServices.Implementation\Shop.Order.DomainServices.Implementation.csproj", "{A20CF886-F61E-4DFF-A195-C2CD656FB1E0}"
EndProject
Project("{9A19103F-16F7-4668-BE54-9A1E7A4F7556}") = "Shop.Order.Infrastructure.Interfaces", "Order\Shop.Order.Infrastructure.Interfaces\Shop.Order.Infrastructure.Interfaces.csproj", "{A3012741-D25B-4990-9F6C-4098494F6A6B}"
EndProject
Project("{9A19103F-16F7-4668-BE54-9A1E7A4F7556}") = "Shop.Order.DataAccess.MsSql", "Order\Shop.Order.DataAccess.MsSql\Shop.Order.DataAccess.MsSql.csproj", "{B5AD31DD-B610-4425-8087-A49B2ABA5BC3}"
EndProject
Project("{9A19103F-16F7-4668-BE54-9A1E7A4F7556}") = "Shop.Order.UseCases", "Order\Shop.Order.UseCases\Shop.Order.UseCases.csproj", "{82D1E4C5-86FA-415F-91D6-6CA6395083A7}"
EndProject
Project("{9A19103F-16F7-4668-BE54-9A1E7A4F7556}") = "Shop.Order.Controllers", "Order\Shop.Order.Controllers\Shop.Order.Controllers.csproj", "{627C8730-5EE7-4017-B5FB-21820A5B9EF7}"
EndProject
Project("{9A19103F-16F7-4668-BE54-9A1E7A4F7556}") = "Shop.Web", "Shop.Web\Shop.Web.csproj", "{2077BEBA-ED0C-4D6D-8AAE-DADAE60708C6}"
EndProject
Project("{9A19103F-16F7-4668-BE54-9A1E7A4F7556}") = "Shop.Tests.Unit", "Shop.Tests.Unit\Shop.Tests.Unit.csproj", "{34553222-3DA3-4853-B593-EA85BB894D65}"
EndProject
Project("{2150E333-8FDC-42A3-9474-1A3956D46DE8}") = "Tools", "Tools", "{6770166F-32D3-48BA-9A33-EF94886EB326}"
EndProject
Project("{9A19103F-16F7-4668-BE54-9A1E7A4F7556}") = "ModularMonolithAnalyzer", "Tools\ModularMonolithAnalyzer\ModularMonolithAnalyzer\ModularMonolithAnalyzer.csproj", "{7DBECBA8-5481-483E-B5F0-D573A819ADC8}"
EndProject
Project("{FAE04EC0-301F-11D3-BF4B-00C04F79EFBC}") = "ModularMonolithAnalyzer.Vsix", "Tools\ModularMonolithAnalyzer\ModularMonolithAnalyzer.Vsix\ModularMonolithAnalyzer.Vsix.csproj", "{BEDF4E64-8F5E-4E43-B030-957EABCE745E}"
EndProject
Project("{2150E333-8FDC-42A3-9474-1A3956D46DE8}") = "Framework", "Framework", "{D534B626-FBBD-486E-9135-8C5B01594A31}"
EndProject
Project("{2150E333-8FDC-42A3-9474-1A3956D46DE8}") = "Tests", "Tests", "{B5A353C7-275C-42F8-9EFE-16F85B47D2C9}"
EndProject
Project("{9A19103F-16F7-4668-BE54-9A1E7A4F7556}") = "Shop.Framework.Interfaces", "Framework\Shop.Framework.Interfaces\Shop.Framework.Interfaces.csproj", "{931F706E-EE62-4CF0-B85B-A06D2B7184E9}"
EndProject
Project("{9A19103F-16F7-4668-BE54-9A1E7A4F7556}") = "Shop.Framework.Implementation", "Framework\Shop.Framework.Implementation\Shop.Framework.Implementation.csproj", "{1A56BD6F-44DF-4244-9BA2-EC3769CDAB49}"
EndProject
Project("{9A19103F-16F7-4668-BE54-9A1E7A4F7556}") = "Shop.Utils", "Framework\Shop.Utils\Shop.Utils.csproj", "{A9327581-6022-48CB-AA81-68DF29740FE4}"
EndProject
Project("{9A19103F-16F7-4668-BE54-9A1E7A4F7556}") = "Shop.Communication.Contract", "Communication\Shop.Communication.Contract\Shop.Communication.Contract.csproj", "{E0B482FC-E224-465E-B6D3-9DD149269714}"
EndProject
Project("{9A19103F-16F7-4668-BE54-9A1E7A4F7556}") = "Shop.Communication.Contract.Implementation", "Communication\Shop.Communication.Contract.Implementation\Shop.Communication.Contract.Implementation.csproj", "{F3ACA84C-6313-45F7-AD52-24F360F94664}"
EndProject
Project("{9A19103F-16F7-4668-BE54-9A1E7A4F7556}") = "Shop.Communication.DataAccess.MsSql", "Communication\Shop.Communication.DataAccess.MsSql\Shop.Communication.DataAccess.MsSql.csproj", "{3D382D95-F469-40EA-A7A7-E57CBA2DBBA9}"
EndProject
Project("{9A19103F-16F7-4668-BE54-9A1E7A4F7556}") = "Shop.Communication.Entities", "Communication\Shop.Communication.Entities\Shop.Communication.Entities.csproj", "{8E937A0E-180E-42C1-8AA7-A4387910B87B}"
EndProject
Project("{9A19103F-16F7-4668-BE54-9A1E7A4F7556}") = "Shop.Communication.Infrastructure.Implementation", "Communication\Shop.Communication.Infrastructure.Implementation\Shop.Communication.Infrastructure.Implementation.csproj", "{BE7C6430-2312-482A-ADAF-C6839BB42186}"
EndProject
Project("{9A19103F-16F7-4668-BE54-9A1E7A4F7556}") = "Shop.Communication.Infrastructure.Interfaces", "Communication\Shop.Communication.Infrastructure.Interfaces\Shop.Communication.Infrastructure.Interfaces.csproj", "{78D2D1F9-7D31-4D89-8666-DA9DA96F46CA}"
EndProject
Project("{9A19103F-16F7-4668-BE54-9A1E7A4F7556}") = "Shop.Order.Contract", "Order\Shop.Order.Contract\Shop.Order.Contract.csproj", "{E21D6980-A989-4DBA-A810-E455C4D88A05}"
EndProject
Project("{9A19103F-16F7-4668-BE54-9A1E7A4F7556}") = "Shop.Order.Contract.Implementation", "Order\Shop.Order.Contract.Implementation\Shop.Order.Contract.Implementation.csproj", "{3E711D86-1488-4034-80C9-514ED3A6FEA9}"
EndProject
Project("{9A19103F-16F7-4668-BE54-9A1E7A4F7556}") = "Shop.Communication.UseCases", "Communication\Shop.Communication.UseCases\Shop.Communication.UseCases.csproj", "{54AAF5D4-7923-4ECD-920F-A06A0B79C743}"
EndProject
Global
	GlobalSection(SolutionConfigurationPlatforms) = preSolution
		Debug|Any CPU = Debug|Any CPU
		Release|Any CPU = Release|Any CPU
	EndGlobalSection
	GlobalSection(ProjectConfigurationPlatforms) = postSolution
		{82C2E4BA-A095-4247-B164-2B6691AE07F6}.Debug|Any CPU.ActiveCfg = Debug|Any CPU
		{82C2E4BA-A095-4247-B164-2B6691AE07F6}.Debug|Any CPU.Build.0 = Debug|Any CPU
		{82C2E4BA-A095-4247-B164-2B6691AE07F6}.Release|Any CPU.ActiveCfg = Release|Any CPU
		{82C2E4BA-A095-4247-B164-2B6691AE07F6}.Release|Any CPU.Build.0 = Release|Any CPU
		{CAD8C61B-F4D8-4D48-BDAD-BEA40C18222C}.Debug|Any CPU.ActiveCfg = Debug|Any CPU
		{CAD8C61B-F4D8-4D48-BDAD-BEA40C18222C}.Debug|Any CPU.Build.0 = Debug|Any CPU
		{CAD8C61B-F4D8-4D48-BDAD-BEA40C18222C}.Release|Any CPU.ActiveCfg = Release|Any CPU
		{CAD8C61B-F4D8-4D48-BDAD-BEA40C18222C}.Release|Any CPU.Build.0 = Release|Any CPU
		{A20CF886-F61E-4DFF-A195-C2CD656FB1E0}.Debug|Any CPU.ActiveCfg = Debug|Any CPU
		{A20CF886-F61E-4DFF-A195-C2CD656FB1E0}.Debug|Any CPU.Build.0 = Debug|Any CPU
		{A20CF886-F61E-4DFF-A195-C2CD656FB1E0}.Release|Any CPU.ActiveCfg = Release|Any CPU
		{A20CF886-F61E-4DFF-A195-C2CD656FB1E0}.Release|Any CPU.Build.0 = Release|Any CPU
		{A3012741-D25B-4990-9F6C-4098494F6A6B}.Debug|Any CPU.ActiveCfg = Debug|Any CPU
		{A3012741-D25B-4990-9F6C-4098494F6A6B}.Debug|Any CPU.Build.0 = Debug|Any CPU
		{A3012741-D25B-4990-9F6C-4098494F6A6B}.Release|Any CPU.ActiveCfg = Release|Any CPU
		{A3012741-D25B-4990-9F6C-4098494F6A6B}.Release|Any CPU.Build.0 = Release|Any CPU
		{B5AD31DD-B610-4425-8087-A49B2ABA5BC3}.Debug|Any CPU.ActiveCfg = Debug|Any CPU
		{B5AD31DD-B610-4425-8087-A49B2ABA5BC3}.Debug|Any CPU.Build.0 = Debug|Any CPU
		{B5AD31DD-B610-4425-8087-A49B2ABA5BC3}.Release|Any CPU.ActiveCfg = Release|Any CPU
		{B5AD31DD-B610-4425-8087-A49B2ABA5BC3}.Release|Any CPU.Build.0 = Release|Any CPU
		{82D1E4C5-86FA-415F-91D6-6CA6395083A7}.Debug|Any CPU.ActiveCfg = Debug|Any CPU
		{82D1E4C5-86FA-415F-91D6-6CA6395083A7}.Debug|Any CPU.Build.0 = Debug|Any CPU
		{82D1E4C5-86FA-415F-91D6-6CA6395083A7}.Release|Any CPU.ActiveCfg = Release|Any CPU
		{82D1E4C5-86FA-415F-91D6-6CA6395083A7}.Release|Any CPU.Build.0 = Release|Any CPU
		{627C8730-5EE7-4017-B5FB-21820A5B9EF7}.Debug|Any CPU.ActiveCfg = Debug|Any CPU
		{627C8730-5EE7-4017-B5FB-21820A5B9EF7}.Debug|Any CPU.Build.0 = Debug|Any CPU
		{627C8730-5EE7-4017-B5FB-21820A5B9EF7}.Release|Any CPU.ActiveCfg = Release|Any CPU
		{627C8730-5EE7-4017-B5FB-21820A5B9EF7}.Release|Any CPU.Build.0 = Release|Any CPU
		{2077BEBA-ED0C-4D6D-8AAE-DADAE60708C6}.Debug|Any CPU.ActiveCfg = Debug|Any CPU
		{2077BEBA-ED0C-4D6D-8AAE-DADAE60708C6}.Debug|Any CPU.Build.0 = Debug|Any CPU
		{2077BEBA-ED0C-4D6D-8AAE-DADAE60708C6}.Release|Any CPU.ActiveCfg = Release|Any CPU
		{2077BEBA-ED0C-4D6D-8AAE-DADAE60708C6}.Release|Any CPU.Build.0 = Release|Any CPU
		{34553222-3DA3-4853-B593-EA85BB894D65}.Debug|Any CPU.ActiveCfg = Debug|Any CPU
		{34553222-3DA3-4853-B593-EA85BB894D65}.Debug|Any CPU.Build.0 = Debug|Any CPU
		{34553222-3DA3-4853-B593-EA85BB894D65}.Release|Any CPU.ActiveCfg = Release|Any CPU
		{34553222-3DA3-4853-B593-EA85BB894D65}.Release|Any CPU.Build.0 = Release|Any CPU
		{7DBECBA8-5481-483E-B5F0-D573A819ADC8}.Debug|Any CPU.ActiveCfg = Debug|Any CPU
		{7DBECBA8-5481-483E-B5F0-D573A819ADC8}.Debug|Any CPU.Build.0 = Debug|Any CPU
		{7DBECBA8-5481-483E-B5F0-D573A819ADC8}.Release|Any CPU.ActiveCfg = Release|Any CPU
		{7DBECBA8-5481-483E-B5F0-D573A819ADC8}.Release|Any CPU.Build.0 = Release|Any CPU
		{BEDF4E64-8F5E-4E43-B030-957EABCE745E}.Debug|Any CPU.ActiveCfg = Debug|Any CPU
		{BEDF4E64-8F5E-4E43-B030-957EABCE745E}.Debug|Any CPU.Build.0 = Debug|Any CPU
		{BEDF4E64-8F5E-4E43-B030-957EABCE745E}.Release|Any CPU.ActiveCfg = Release|Any CPU
		{BEDF4E64-8F5E-4E43-B030-957EABCE745E}.Release|Any CPU.Build.0 = Release|Any CPU
		{931F706E-EE62-4CF0-B85B-A06D2B7184E9}.Debug|Any CPU.ActiveCfg = Debug|Any CPU
		{931F706E-EE62-4CF0-B85B-A06D2B7184E9}.Debug|Any CPU.Build.0 = Debug|Any CPU
		{931F706E-EE62-4CF0-B85B-A06D2B7184E9}.Release|Any CPU.ActiveCfg = Release|Any CPU
		{931F706E-EE62-4CF0-B85B-A06D2B7184E9}.Release|Any CPU.Build.0 = Release|Any CPU
		{1A56BD6F-44DF-4244-9BA2-EC3769CDAB49}.Debug|Any CPU.ActiveCfg = Debug|Any CPU
		{1A56BD6F-44DF-4244-9BA2-EC3769CDAB49}.Debug|Any CPU.Build.0 = Debug|Any CPU
		{1A56BD6F-44DF-4244-9BA2-EC3769CDAB49}.Release|Any CPU.ActiveCfg = Release|Any CPU
		{1A56BD6F-44DF-4244-9BA2-EC3769CDAB49}.Release|Any CPU.Build.0 = Release|Any CPU
		{A9327581-6022-48CB-AA81-68DF29740FE4}.Debug|Any CPU.ActiveCfg = Debug|Any CPU
		{A9327581-6022-48CB-AA81-68DF29740FE4}.Debug|Any CPU.Build.0 = Debug|Any CPU
		{A9327581-6022-48CB-AA81-68DF29740FE4}.Release|Any CPU.ActiveCfg = Release|Any CPU
		{A9327581-6022-48CB-AA81-68DF29740FE4}.Release|Any CPU.Build.0 = Release|Any CPU
		{E0B482FC-E224-465E-B6D3-9DD149269714}.Debug|Any CPU.ActiveCfg = Debug|Any CPU
		{E0B482FC-E224-465E-B6D3-9DD149269714}.Debug|Any CPU.Build.0 = Debug|Any CPU
		{E0B482FC-E224-465E-B6D3-9DD149269714}.Release|Any CPU.ActiveCfg = Release|Any CPU
		{E0B482FC-E224-465E-B6D3-9DD149269714}.Release|Any CPU.Build.0 = Release|Any CPU
		{F3ACA84C-6313-45F7-AD52-24F360F94664}.Debug|Any CPU.ActiveCfg = Debug|Any CPU
		{F3ACA84C-6313-45F7-AD52-24F360F94664}.Debug|Any CPU.Build.0 = Debug|Any CPU
		{F3ACA84C-6313-45F7-AD52-24F360F94664}.Release|Any CPU.ActiveCfg = Release|Any CPU
		{F3ACA84C-6313-45F7-AD52-24F360F94664}.Release|Any CPU.Build.0 = Release|Any CPU
		{3D382D95-F469-40EA-A7A7-E57CBA2DBBA9}.Debug|Any CPU.ActiveCfg = Debug|Any CPU
		{3D382D95-F469-40EA-A7A7-E57CBA2DBBA9}.Debug|Any CPU.Build.0 = Debug|Any CPU
		{3D382D95-F469-40EA-A7A7-E57CBA2DBBA9}.Release|Any CPU.ActiveCfg = Release|Any CPU
		{3D382D95-F469-40EA-A7A7-E57CBA2DBBA9}.Release|Any CPU.Build.0 = Release|Any CPU
		{8E937A0E-180E-42C1-8AA7-A4387910B87B}.Debug|Any CPU.ActiveCfg = Debug|Any CPU
		{8E937A0E-180E-42C1-8AA7-A4387910B87B}.Debug|Any CPU.Build.0 = Debug|Any CPU
		{8E937A0E-180E-42C1-8AA7-A4387910B87B}.Release|Any CPU.ActiveCfg = Release|Any CPU
		{8E937A0E-180E-42C1-8AA7-A4387910B87B}.Release|Any CPU.Build.0 = Release|Any CPU
		{BE7C6430-2312-482A-ADAF-C6839BB42186}.Debug|Any CPU.ActiveCfg = Debug|Any CPU
		{BE7C6430-2312-482A-ADAF-C6839BB42186}.Debug|Any CPU.Build.0 = Debug|Any CPU
		{BE7C6430-2312-482A-ADAF-C6839BB42186}.Release|Any CPU.ActiveCfg = Release|Any CPU
		{BE7C6430-2312-482A-ADAF-C6839BB42186}.Release|Any CPU.Build.0 = Release|Any CPU
		{78D2D1F9-7D31-4D89-8666-DA9DA96F46CA}.Debug|Any CPU.ActiveCfg = Debug|Any CPU
		{78D2D1F9-7D31-4D89-8666-DA9DA96F46CA}.Debug|Any CPU.Build.0 = Debug|Any CPU
		{78D2D1F9-7D31-4D89-8666-DA9DA96F46CA}.Release|Any CPU.ActiveCfg = Release|Any CPU
		{78D2D1F9-7D31-4D89-8666-DA9DA96F46CA}.Release|Any CPU.Build.0 = Release|Any CPU
		{E21D6980-A989-4DBA-A810-E455C4D88A05}.Debug|Any CPU.ActiveCfg = Debug|Any CPU
		{E21D6980-A989-4DBA-A810-E455C4D88A05}.Debug|Any CPU.Build.0 = Debug|Any CPU
		{E21D6980-A989-4DBA-A810-E455C4D88A05}.Release|Any CPU.ActiveCfg = Release|Any CPU
		{E21D6980-A989-4DBA-A810-E455C4D88A05}.Release|Any CPU.Build.0 = Release|Any CPU
		{3E711D86-1488-4034-80C9-514ED3A6FEA9}.Debug|Any CPU.ActiveCfg = Debug|Any CPU
		{3E711D86-1488-4034-80C9-514ED3A6FEA9}.Debug|Any CPU.Build.0 = Debug|Any CPU
		{3E711D86-1488-4034-80C9-514ED3A6FEA9}.Release|Any CPU.ActiveCfg = Release|Any CPU
		{3E711D86-1488-4034-80C9-514ED3A6FEA9}.Release|Any CPU.Build.0 = Release|Any CPU
		{54AAF5D4-7923-4ECD-920F-A06A0B79C743}.Debug|Any CPU.ActiveCfg = Debug|Any CPU
		{54AAF5D4-7923-4ECD-920F-A06A0B79C743}.Debug|Any CPU.Build.0 = Debug|Any CPU
		{54AAF5D4-7923-4ECD-920F-A06A0B79C743}.Release|Any CPU.ActiveCfg = Release|Any CPU
		{54AAF5D4-7923-4ECD-920F-A06A0B79C743}.Release|Any CPU.Build.0 = Release|Any CPU
	EndGlobalSection
	GlobalSection(SolutionProperties) = preSolution
		HideSolutionNode = FALSE
	EndGlobalSection
	GlobalSection(NestedProjects) = preSolution
		{82C2E4BA-A095-4247-B164-2B6691AE07F6} = {5529831C-372F-41B7-BD89-73C34FD80397}
		{CAD8C61B-F4D8-4D48-BDAD-BEA40C18222C} = {5529831C-372F-41B7-BD89-73C34FD80397}
		{A20CF886-F61E-4DFF-A195-C2CD656FB1E0} = {5529831C-372F-41B7-BD89-73C34FD80397}
		{A3012741-D25B-4990-9F6C-4098494F6A6B} = {5529831C-372F-41B7-BD89-73C34FD80397}
		{B5AD31DD-B610-4425-8087-A49B2ABA5BC3} = {5529831C-372F-41B7-BD89-73C34FD80397}
		{82D1E4C5-86FA-415F-91D6-6CA6395083A7} = {5529831C-372F-41B7-BD89-73C34FD80397}
		{627C8730-5EE7-4017-B5FB-21820A5B9EF7} = {5529831C-372F-41B7-BD89-73C34FD80397}
		{34553222-3DA3-4853-B593-EA85BB894D65} = {B5A353C7-275C-42F8-9EFE-16F85B47D2C9}
		{7DBECBA8-5481-483E-B5F0-D573A819ADC8} = {6770166F-32D3-48BA-9A33-EF94886EB326}
		{BEDF4E64-8F5E-4E43-B030-957EABCE745E} = {6770166F-32D3-48BA-9A33-EF94886EB326}
		{931F706E-EE62-4CF0-B85B-A06D2B7184E9} = {D534B626-FBBD-486E-9135-8C5B01594A31}
		{1A56BD6F-44DF-4244-9BA2-EC3769CDAB49} = {D534B626-FBBD-486E-9135-8C5B01594A31}
		{A9327581-6022-48CB-AA81-68DF29740FE4} = {D534B626-FBBD-486E-9135-8C5B01594A31}
		{E0B482FC-E224-465E-B6D3-9DD149269714} = {B9B3FCA7-B148-4EAE-9D3E-AB6BB915DD88}
		{F3ACA84C-6313-45F7-AD52-24F360F94664} = {B9B3FCA7-B148-4EAE-9D3E-AB6BB915DD88}
		{3D382D95-F469-40EA-A7A7-E57CBA2DBBA9} = {B9B3FCA7-B148-4EAE-9D3E-AB6BB915DD88}
		{8E937A0E-180E-42C1-8AA7-A4387910B87B} = {B9B3FCA7-B148-4EAE-9D3E-AB6BB915DD88}
		{BE7C6430-2312-482A-ADAF-C6839BB42186} = {B9B3FCA7-B148-4EAE-9D3E-AB6BB915DD88}
		{78D2D1F9-7D31-4D89-8666-DA9DA96F46CA} = {B9B3FCA7-B148-4EAE-9D3E-AB6BB915DD88}
		{E21D6980-A989-4DBA-A810-E455C4D88A05} = {5529831C-372F-41B7-BD89-73C34FD80397}
		{3E711D86-1488-4034-80C9-514ED3A6FEA9} = {5529831C-372F-41B7-BD89-73C34FD80397}
		{54AAF5D4-7923-4ECD-920F-A06A0B79C743} = {B9B3FCA7-B148-4EAE-9D3E-AB6BB915DD88}
	EndGlobalSection
	GlobalSection(ExtensibilityGlobals) = postSolution
		SolutionGuid = {617CE5A3-534A-4FCB-84F2-118A4E06A762}
	EndGlobalSection
EndGlobal
