
Microsoft Visual Studio Solution File, Format Version 12.00
# Visual Studio Version 16
VisualStudioVersion = 16.0.29613.14
MinimumVisualStudioVersion = 10.0.40219.1
Project("{2150E333-8FDC-42A3-9474-1A3956D46DE8}") = "Communication", "Communication", "{B9B3FCA7-B148-4EAE-9D3E-AB6BB915DD88}"
EndProject
Project("{2150E333-8FDC-42A3-9474-1A3956D46DE8}") = "Order", "Order", "{5529831C-372F-41B7-BD89-73C34FD80397}"
EndProject
Project("{9A19103F-16F7-4668-BE54-9A1E7A4F7556}") = "Shop.Order.Entities", "Order\Shop.Order.Entities\Shop.Order.Entities.csproj", "{82C2E4BA-A095-4247-B164-2B6691AE07F6}"
EndProject
Project("{9A19103F-16F7-4668-BE54-9A1E7A4F7556}") = "Shop.Order.Infrastructure.Interfaces", "Order\Shop.Order.Infrastructure.Interfaces\Shop.Order.Infrastructure.Interfaces.csproj", "{A3012741-D25B-4990-9F6C-4098494F6A6B}"
EndProject
Project("{9A19103F-16F7-4668-BE54-9A1E7A4F7556}") = "Shop.Order.DataAccess.MsSql", "Order\Shop.Order.DataAccess.MsSql\Shop.Order.DataAccess.MsSql.csproj", "{B5AD31DD-B610-4425-8087-A49B2ABA5BC3}"
EndProject
Project("{9A19103F-16F7-4668-BE54-9A1E7A4F7556}") = "Shop.Order.UseCases", "Order\Shop.Order.UseCases\Shop.Order.UseCases.csproj", "{82D1E4C5-86FA-415F-91D6-6CA6395083A7}"
EndProject
Project("{9A19103F-16F7-4668-BE54-9A1E7A4F7556}") = "Shop.Web", "Shop.Web\Shop.Web.csproj", "{2077BEBA-ED0C-4D6D-8AAE-DADAE60708C6}"
EndProject
Project("{9A19103F-16F7-4668-BE54-9A1E7A4F7556}") = "Shop.Tests.Unit", "Shop.Tests.Unit\Shop.Tests.Unit.csproj", "{34553222-3DA3-4853-B593-EA85BB894D65}"
EndProject
Project("{2150E333-8FDC-42A3-9474-1A3956D46DE8}") = "Tools", "Tools", "{6770166F-32D3-48BA-9A33-EF94886EB326}"
EndProject
Project("{9A19103F-16F7-4668-BE54-9A1E7A4F7556}") = "ModularMonolithAnalyzer", "Tools\ModularMonolithAnalyzer\ModularMonolithAnalyzer\ModularMonolithAnalyzer.csproj", "{7DBECBA8-5481-483E-B5F0-D573A819ADC8}"
EndProject
Project("{FAE04EC0-301F-11D3-BF4B-00C04F79EFBC}") = "ModularMonolithAnalyzer.Vsix", "Tools\ModularMonolithAnalyzer\ModularMonolithAnalyzer.Vsix\ModularMonolithAnalyzer.Vsix.csproj", "{BEDF4E64-8F5E-4E43-B030-957EABCE745E}"
EndProject
Project("{9A19103F-16F7-4668-BE54-9A1E7A4F7556}") = "Shop.Order.Contract", "Order\Shop.Order.Contract\Shop.Order.Contract.csproj", "{F4B37D99-8095-4D69-960F-2141FF311C91}"
EndProject
Project("{9A19103F-16F7-4668-BE54-9A1E7A4F7556}") = "Shop.Communication.Contract", "Communication\Shop.Communication.Contract\Shop.Communication.Contract.csproj", "{99B95395-4B6A-4984-9C1E-5E2E51AC73C9}"
EndProject
Project("{9A19103F-16F7-4668-BE54-9A1E7A4F7556}") = "Shop.Communication.DataAccess.MsSql", "Communication\Shop.Communication.DataAccess.MsSql\Shop.Communication.DataAccess.MsSql.csproj", "{57D64C92-E13C-4685-9B5F-02FB31104F52}"
EndProject
Project("{9A19103F-16F7-4668-BE54-9A1E7A4F7556}") = "Shop.Communication.Entities", "Communication\Shop.Communication.Entities\Shop.Communication.Entities.csproj", "{49B17FBC-BA39-473A-A3D3-02CD415F9CE1}"
EndProject
Project("{9A19103F-16F7-4668-BE54-9A1E7A4F7556}") = "Shop.Communication.Infrastructure.Implementation", "Communication\Shop.Communication.Infrastructure.Implementation\Shop.Communication.Infrastructure.Implementation.csproj", "{76AD9D81-1E49-4814-9F17-3CD3FED764D0}"
EndProject
Project("{9A19103F-16F7-4668-BE54-9A1E7A4F7556}") = "Shop.Communication.Infrastructure.Interfaces", "Communication\Shop.Communication.Infrastructure.Interfaces\Shop.Communication.Infrastructure.Interfaces.csproj", "{F0ED1838-9375-436F-B146-7DF9279FB3ED}"
EndProject
Project("{2150E333-8FDC-42A3-9474-1A3956D46DE8}") = "Framework", "Framework", "{876ECD22-8DE8-414A-997F-C0FCD39266AB}"
EndProject
Project("{9A19103F-16F7-4668-BE54-9A1E7A4F7556}") = "Shop.Framework.Interfaces", "Framework\Shop.Framework.Interfaces\Shop.Framework.Interfaces.csproj", "{A28E200C-8D2F-4413-A728-E2DFEDA13DF3}"
EndProject
Project("{9A19103F-16F7-4668-BE54-9A1E7A4F7556}") = "Shop.Framework.Implementation", "Framework\Shop.Framework.Implementation\Shop.Framework.Implementation.csproj", "{E74CCAF6-342B-4D5E-99BC-CB393E8B71A8}"
EndProject
Project("{9A19103F-16F7-4668-BE54-9A1E7A4F7556}") = "Shop.Utils", "Framework\Shop.Utils\Shop.Utils.csproj", "{97F5421E-55D3-4001-85C4-ACA7C8F75DE5}"
EndProject
Project("{2150E333-8FDC-42A3-9474-1A3956D46DE8}") = "Tests", "Tests", "{1A1C4553-DACA-4321-AA17-2426CEF6B9BD}"
EndProject
Project("{9A19103F-16F7-4668-BE54-9A1E7A4F7556}") = "Shop.Communication.UseCases", "Communication\Shop.Communication.UseCases\Shop.Communication.UseCases.csproj", "{65361B47-FA1C-4A2A-AEAE-A081A5801EC5}"
EndProject
Global
	GlobalSection(SolutionConfigurationPlatforms) = preSolution
		Debug|Any CPU = Debug|Any CPU
		Release|Any CPU = Release|Any CPU
	EndGlobalSection
	GlobalSection(ProjectConfigurationPlatforms) = postSolution
		{82C2E4BA-A095-4247-B164-2B6691AE07F6}.Debug|Any CPU.ActiveCfg = Debug|Any CPU
		{82C2E4BA-A095-4247-B164-2B6691AE07F6}.Debug|Any CPU.Build.0 = Debug|Any CPU
		{82C2E4BA-A095-4247-B164-2B6691AE07F6}.Release|Any CPU.ActiveCfg = Release|Any CPU
		{82C2E4BA-A095-4247-B164-2B6691AE07F6}.Release|Any CPU.Build.0 = Release|Any CPU
		{A3012741-D25B-4990-9F6C-4098494F6A6B}.Debug|Any CPU.ActiveCfg = Debug|Any CPU
		{A3012741-D25B-4990-9F6C-4098494F6A6B}.Debug|Any CPU.Build.0 = Debug|Any CPU
		{A3012741-D25B-4990-9F6C-4098494F6A6B}.Release|Any CPU.ActiveCfg = Release|Any CPU
		{A3012741-D25B-4990-9F6C-4098494F6A6B}.Release|Any CPU.Build.0 = Release|Any CPU
		{B5AD31DD-B610-4425-8087-A49B2ABA5BC3}.Debug|Any CPU.ActiveCfg = Debug|Any CPU
		{B5AD31DD-B610-4425-8087-A49B2ABA5BC3}.Debug|Any CPU.Build.0 = Debug|Any CPU
		{B5AD31DD-B610-4425-8087-A49B2ABA5BC3}.Release|Any CPU.ActiveCfg = Release|Any CPU
		{B5AD31DD-B610-4425-8087-A49B2ABA5BC3}.Release|Any CPU.Build.0 = Release|Any CPU
		{82D1E4C5-86FA-415F-91D6-6CA6395083A7}.Debug|Any CPU.ActiveCfg = Debug|Any CPU
		{82D1E4C5-86FA-415F-91D6-6CA6395083A7}.Debug|Any CPU.Build.0 = Debug|Any CPU
		{82D1E4C5-86FA-415F-91D6-6CA6395083A7}.Release|Any CPU.ActiveCfg = Release|Any CPU
		{82D1E4C5-86FA-415F-91D6-6CA6395083A7}.Release|Any CPU.Build.0 = Release|Any CPU
		{2077BEBA-ED0C-4D6D-8AAE-DADAE60708C6}.Debug|Any CPU.ActiveCfg = Debug|Any CPU
		{2077BEBA-ED0C-4D6D-8AAE-DADAE60708C6}.Debug|Any CPU.Build.0 = Debug|Any CPU
		{2077BEBA-ED0C-4D6D-8AAE-DADAE60708C6}.Release|Any CPU.ActiveCfg = Release|Any CPU
		{2077BEBA-ED0C-4D6D-8AAE-DADAE60708C6}.Release|Any CPU.Build.0 = Release|Any CPU
		{34553222-3DA3-4853-B593-EA85BB894D65}.Debug|Any CPU.ActiveCfg = Debug|Any CPU
		{34553222-3DA3-4853-B593-EA85BB894D65}.Debug|Any CPU.Build.0 = Debug|Any CPU
		{34553222-3DA3-4853-B593-EA85BB894D65}.Release|Any CPU.ActiveCfg = Release|Any CPU
		{34553222-3DA3-4853-B593-EA85BB894D65}.Release|Any CPU.Build.0 = Release|Any CPU
		{7DBECBA8-5481-483E-B5F0-D573A819ADC8}.Debug|Any CPU.ActiveCfg = Debug|Any CPU
		{7DBECBA8-5481-483E-B5F0-D573A819ADC8}.Debug|Any CPU.Build.0 = Debug|Any CPU
		{7DBECBA8-5481-483E-B5F0-D573A819ADC8}.Release|Any CPU.ActiveCfg = Release|Any CPU
		{7DBECBA8-5481-483E-B5F0-D573A819ADC8}.Release|Any CPU.Build.0 = Release|Any CPU
		{BEDF4E64-8F5E-4E43-B030-957EABCE745E}.Debug|Any CPU.ActiveCfg = Debug|Any CPU
		{BEDF4E64-8F5E-4E43-B030-957EABCE745E}.Debug|Any CPU.Build.0 = Debug|Any CPU
		{BEDF4E64-8F5E-4E43-B030-957EABCE745E}.Release|Any CPU.ActiveCfg = Release|Any CPU
		{BEDF4E64-8F5E-4E43-B030-957EABCE745E}.Release|Any CPU.Build.0 = Release|Any CPU
		{F4B37D99-8095-4D69-960F-2141FF311C91}.Debug|Any CPU.ActiveCfg = Debug|Any CPU
		{F4B37D99-8095-4D69-960F-2141FF311C91}.Debug|Any CPU.Build.0 = Debug|Any CPU
		{F4B37D99-8095-4D69-960F-2141FF311C91}.Release|Any CPU.ActiveCfg = Release|Any CPU
		{F4B37D99-8095-4D69-960F-2141FF311C91}.Release|Any CPU.Build.0 = Release|Any CPU
		{99B95395-4B6A-4984-9C1E-5E2E51AC73C9}.Debug|Any CPU.ActiveCfg = Debug|Any CPU
		{99B95395-4B6A-4984-9C1E-5E2E51AC73C9}.Debug|Any CPU.Build.0 = Debug|Any CPU
		{99B95395-4B6A-4984-9C1E-5E2E51AC73C9}.Release|Any CPU.ActiveCfg = Release|Any CPU
		{99B95395-4B6A-4984-9C1E-5E2E51AC73C9}.Release|Any CPU.Build.0 = Release|Any CPU
		{57D64C92-E13C-4685-9B5F-02FB31104F52}.Debug|Any CPU.ActiveCfg = Debug|Any CPU
		{57D64C92-E13C-4685-9B5F-02FB31104F52}.Debug|Any CPU.Build.0 = Debug|Any CPU
		{57D64C92-E13C-4685-9B5F-02FB31104F52}.Release|Any CPU.ActiveCfg = Release|Any CPU
		{57D64C92-E13C-4685-9B5F-02FB31104F52}.Release|Any CPU.Build.0 = Release|Any CPU
		{49B17FBC-BA39-473A-A3D3-02CD415F9CE1}.Debug|Any CPU.ActiveCfg = Debug|Any CPU
		{49B17FBC-BA39-473A-A3D3-02CD415F9CE1}.Debug|Any CPU.Build.0 = Debug|Any CPU
		{49B17FBC-BA39-473A-A3D3-02CD415F9CE1}.Release|Any CPU.ActiveCfg = Release|Any CPU
		{49B17FBC-BA39-473A-A3D3-02CD415F9CE1}.Release|Any CPU.Build.0 = Release|Any CPU
		{76AD9D81-1E49-4814-9F17-3CD3FED764D0}.Debug|Any CPU.ActiveCfg = Debug|Any CPU
		{76AD9D81-1E49-4814-9F17-3CD3FED764D0}.Debug|Any CPU.Build.0 = Debug|Any CPU
		{76AD9D81-1E49-4814-9F17-3CD3FED764D0}.Release|Any CPU.ActiveCfg = Release|Any CPU
		{76AD9D81-1E49-4814-9F17-3CD3FED764D0}.Release|Any CPU.Build.0 = Release|Any CPU
		{F0ED1838-9375-436F-B146-7DF9279FB3ED}.Debug|Any CPU.ActiveCfg = Debug|Any CPU
		{F0ED1838-9375-436F-B146-7DF9279FB3ED}.Debug|Any CPU.Build.0 = Debug|Any CPU
		{F0ED1838-9375-436F-B146-7DF9279FB3ED}.Release|Any CPU.ActiveCfg = Release|Any CPU
		{F0ED1838-9375-436F-B146-7DF9279FB3ED}.Release|Any CPU.Build.0 = Release|Any CPU
		{A28E200C-8D2F-4413-A728-E2DFEDA13DF3}.Debug|Any CPU.ActiveCfg = Debug|Any CPU
		{A28E200C-8D2F-4413-A728-E2DFEDA13DF3}.Debug|Any CPU.Build.0 = Debug|Any CPU
		{A28E200C-8D2F-4413-A728-E2DFEDA13DF3}.Release|Any CPU.ActiveCfg = Release|Any CPU
		{A28E200C-8D2F-4413-A728-E2DFEDA13DF3}.Release|Any CPU.Build.0 = Release|Any CPU
		{E74CCAF6-342B-4D5E-99BC-CB393E8B71A8}.Debug|Any CPU.ActiveCfg = Debug|Any CPU
		{E74CCAF6-342B-4D5E-99BC-CB393E8B71A8}.Debug|Any CPU.Build.0 = Debug|Any CPU
		{E74CCAF6-342B-4D5E-99BC-CB393E8B71A8}.Release|Any CPU.ActiveCfg = Release|Any CPU
		{E74CCAF6-342B-4D5E-99BC-CB393E8B71A8}.Release|Any CPU.Build.0 = Release|Any CPU
		{97F5421E-55D3-4001-85C4-ACA7C8F75DE5}.Debug|Any CPU.ActiveCfg = Debug|Any CPU
		{97F5421E-55D3-4001-85C4-ACA7C8F75DE5}.Debug|Any CPU.Build.0 = Debug|Any CPU
		{97F5421E-55D3-4001-85C4-ACA7C8F75DE5}.Release|Any CPU.ActiveCfg = Release|Any CPU
		{97F5421E-55D3-4001-85C4-ACA7C8F75DE5}.Release|Any CPU.Build.0 = Release|Any CPU
		{65361B47-FA1C-4A2A-AEAE-A081A5801EC5}.Debug|Any CPU.ActiveCfg = Debug|Any CPU
		{65361B47-FA1C-4A2A-AEAE-A081A5801EC5}.Debug|Any CPU.Build.0 = Debug|Any CPU
		{65361B47-FA1C-4A2A-AEAE-A081A5801EC5}.Release|Any CPU.ActiveCfg = Release|Any CPU
		{65361B47-FA1C-4A2A-AEAE-A081A5801EC5}.Release|Any CPU.Build.0 = Release|Any CPU
	EndGlobalSection
	GlobalSection(SolutionProperties) = preSolution
		HideSolutionNode = FALSE
	EndGlobalSection
	GlobalSection(NestedProjects) = preSolution
		{82C2E4BA-A095-4247-B164-2B6691AE07F6} = {5529831C-372F-41B7-BD89-73C34FD80397}
		{A3012741-D25B-4990-9F6C-4098494F6A6B} = {5529831C-372F-41B7-BD89-73C34FD80397}
		{B5AD31DD-B610-4425-8087-A49B2ABA5BC3} = {5529831C-372F-41B7-BD89-73C34FD80397}
		{82D1E4C5-86FA-415F-91D6-6CA6395083A7} = {5529831C-372F-41B7-BD89-73C34FD80397}
		{34553222-3DA3-4853-B593-EA85BB894D65} = {1A1C4553-DACA-4321-AA17-2426CEF6B9BD}
		{7DBECBA8-5481-483E-B5F0-D573A819ADC8} = {6770166F-32D3-48BA-9A33-EF94886EB326}
		{BEDF4E64-8F5E-4E43-B030-957EABCE745E} = {6770166F-32D3-48BA-9A33-EF94886EB326}
		{F4B37D99-8095-4D69-960F-2141FF311C91} = {5529831C-372F-41B7-BD89-73C34FD80397}
		{99B95395-4B6A-4984-9C1E-5E2E51AC73C9} = {B9B3FCA7-B148-4EAE-9D3E-AB6BB915DD88}
		{57D64C92-E13C-4685-9B5F-02FB31104F52} = {B9B3FCA7-B148-4EAE-9D3E-AB6BB915DD88}
		{49B17FBC-BA39-473A-A3D3-02CD415F9CE1} = {B9B3FCA7-B148-4EAE-9D3E-AB6BB915DD88}
		{76AD9D81-1E49-4814-9F17-3CD3FED764D0} = {B9B3FCA7-B148-4EAE-9D3E-AB6BB915DD88}
		{F0ED1838-9375-436F-B146-7DF9279FB3ED} = {B9B3FCA7-B148-4EAE-9D3E-AB6BB915DD88}
		{A28E200C-8D2F-4413-A728-E2DFEDA13DF3} = {876ECD22-8DE8-414A-997F-C0FCD39266AB}
		{E74CCAF6-342B-4D5E-99BC-CB393E8B71A8} = {876ECD22-8DE8-414A-997F-C0FCD39266AB}
		{97F5421E-55D3-4001-85C4-ACA7C8F75DE5} = {876ECD22-8DE8-414A-997F-C0FCD39266AB}
		{65361B47-FA1C-4A2A-AEAE-A081A5801EC5} = {B9B3FCA7-B148-4EAE-9D3E-AB6BB915DD88}
	EndGlobalSection
	GlobalSection(ExtensibilityGlobals) = postSolution
		SolutionGuid = {617CE5A3-534A-4FCB-84F2-118A4E06A762}
	EndGlobalSection
EndGlobal
